
Microsoft Visual Studio Solution File, Format Version 12.00
Project("{FAE04EC0-301F-11D3-BF4B-00C04F79EFBC}") = "Mission11", "Mission11\Mission11.csproj", "{5B5C2941-3099-40B2-A6EB-27BF7C6CC13A}"
EndProject
Global
	GlobalSection(SolutionConfigurationPlatforms) = preSolution
		Debug|Any CPU = Debug|Any CPU
		Release|Any CPU = Release|Any CPU
	EndGlobalSection
	GlobalSection(ProjectConfigurationPlatforms) = postSolution
		{5B5C2941-3099-40B2-A6EB-27BF7C6CC13A}.Debug|Any CPU.ActiveCfg = Debug|Any CPU
		{5B5C2941-3099-40B2-A6EB-27BF7C6CC13A}.Debug|Any CPU.Build.0 = Debug|Any CPU
		{5B5C2941-3099-40B2-A6EB-27BF7C6CC13A}.Release|Any CPU.ActiveCfg = Release|Any CPU
		{5B5C2941-3099-40B2-A6EB-27BF7C6CC13A}.Release|Any CPU.Build.0 = Release|Any CPU
	EndGlobalSection
EndGlobal
